
Microsoft Visual Studio Solution File, Format Version 12.00
# Visual Studio Version 16
VisualStudioVersion = 16.0.30517.126
MinimumVisualStudioVersion = 10.0.40219.1
Project("{FAE04EC0-301F-11D3-BF4B-00C04F79EFBC}") = "VAR", "VAR\VAR.csproj", "{B3EC636D-C962-4F75-9FE6-D0663FC4F5C5}"
EndProject
Global
	GlobalSection(SolutionConfigurationPlatforms) = preSolution
		Debug|Any CPU = Debug|Any CPU
		Release|Any CPU = Release|Any CPU
	EndGlobalSection
	GlobalSection(ProjectConfigurationPlatforms) = postSolution
		{B3EC636D-C962-4F75-9FE6-D0663FC4F5C5}.Debug|Any CPU.ActiveCfg = Debug|Any CPU
		{B3EC636D-C962-4F75-9FE6-D0663FC4F5C5}.Debug|Any CPU.Build.0 = Debug|Any CPU
		{B3EC636D-C962-4F75-9FE6-D0663FC4F5C5}.Release|Any CPU.ActiveCfg = Release|Any CPU
		{B3EC636D-C962-4F75-9FE6-D0663FC4F5C5}.Release|Any CPU.Build.0 = Release|Any CPU
	EndGlobalSection
	GlobalSection(SolutionProperties) = preSolution
		HideSolutionNode = FALSE
	EndGlobalSection
	GlobalSection(ExtensibilityGlobals) = postSolution
		SolutionGuid = {09A1280A-6021-4555-90B0-766D60976180}
	EndGlobalSection
EndGlobal
